// !$*UTF8*$!
{
	archiveVersion = 1;
	classes = {
	};
	objectVersion = 77;
	objects = {

/* Begin PBXContainerItemProxy section */
		01B8953F2E3DE2FA00D7894A /* PBXContainerItemProxy */ = {
			isa = PBXContainerItemProxy;
			containerPortal = 01B895282E3DE2F800D7894A /* Project object */;
			proxyType = 1;
			remoteGlobalIDString = 01B8952F2E3DE2F800D7894A;
			remoteInfo = coverme;
		};
		01B895492E3DE2FA00D7894A /* PBXContainerItemProxy */ = {
			isa = PBXContainerItemProxy;
			containerPortal = 01B895282E3DE2F800D7894A /* Project object */;
			proxyType = 1;
			remoteGlobalIDString = 01B8952F2E3DE2F800D7894A;
			remoteInfo = coverme;
		};
/* End PBXContainerItemProxy section */

/* Begin PBXFileReference section */
		01B895302E3DE2F800D7894A /* coverme.app */ = {isa = PBXFileReference; explicitFileType = wrapper.application; includeInIndex = 0; path = coverme.app; sourceTree = BUILT_PRODUCTS_DIR; };
		01B8953E2E3DE2FA00D7894A /* covermeTests.xctest */ = {isa = PBXFileReference; explicitFileType = wrapper.cfbundle; includeInIndex = 0; path = covermeTests.xctest; sourceTree = BUILT_PRODUCTS_DIR; };
		01B895482E3DE2FA00D7894A /* covermeUITests.xctest */ = {isa = PBXFileReference; explicitFileType = wrapper.cfbundle; includeInIndex = 0; path = covermeUITests.xctest; sourceTree = BUILT_PRODUCTS_DIR; };
/* End PBXFileReference section */

/* Begin PBXFileSystemSynchronizedRootGroup section */
		01B895322E3DE2F800D7894A /* coverme */ = {
			isa = PBXFileSystemSynchronizedRootGroup;
			path = coverme;
			sourceTree = "<group>";
		};
		01B895412E3DE2FA00D7894A /* covermeTests */ = {
			isa = PBXFileSystemSynchronizedRootGroup;
			path = covermeTests;
			sourceTree = "<group>";
		};
		01B8954B2E3DE2FA00D7894A /* covermeUITests */ = {
			isa = PBXFileSystemSynchronizedRootGroup;
			path = covermeUITests;
			sourceTree = "<group>";
		};
/* End PBXFileSystemSynchronizedRootGroup section */

/* Begin PBXFrameworksBuildPhase section */
		01B8952D2E3DE2F800D7894A /* Frameworks */ = {
			isa = PBXFrameworksBuildPhase;
			buildActionMask = 2147483647;
			files = (
			);
			runOnlyForDeploymentPostprocessing = 0;
		};
		01B8953B2E3DE2FA00D7894A /* Frameworks */ = {
			isa = PBXFrameworksBuildPhase;
			buildActionMask = 2147483647;
			files = (
			);
			runOnlyForDeploymentPostprocessing = 0;
		};
		01B895452E3DE2FA00D7894A /* Frameworks */ = {
			isa = PBXFrameworksBuildPhase;
			buildActionMask = 2147483647;
			files = (
			);
			runOnlyForDeploymentPostprocessing = 0;
		};
/* End PBXFrameworksBuildPhase section */

/* Begin PBXGroup section */
		01B895272E3DE2F800D7894A = {
			isa = PBXGroup;
			children = (
				01B895322E3DE2F800D7894A /* coverme */,
				01B895412E3DE2FA00D7894A /* covermeTests */,
				01B8954B2E3DE2FA00D7894A /* covermeUITests */,
				01B895312E3DE2F800D7894A /* Products */,
			);
			sourceTree = "<group>";
		};
		01B895312E3DE2F800D7894A /* Products */ = {
			isa = PBXGroup;
			children = (
				01B895302E3DE2F800D7894A /* coverme.app */,
				01B8953E2E3DE2FA00D7894A /* covermeTests.xctest */,
				01B895482E3DE2FA00D7894A /* covermeUITests.xctest */,
			);
			name = Products;
			sourceTree = "<group>";
		};
/* End PBXGroup section */

/* Begin PBXNativeTarget section */
		01B8952F2E3DE2F800D7894A /* coverme */ = {
			isa = PBXNativeTarget;
			buildConfigurationList = 01B895522E3DE2FA00D7894A /* Build configuration list for PBXNativeTarget "coverme" */;
			buildPhases = (
				01B8952C2E3DE2F800D7894A /* Sources */,
				01B8952D2E3DE2F800D7894A /* Frameworks */,
				01B8952E2E3DE2F800D7894A /* Resources */,
			);
			buildRules = (
			);
			dependencies = (
			);
			fileSystemSynchronizedGroups = (
				01B895322E3DE2F800D7894A /* coverme */,
			);
			name = coverme;
			packageProductDependencies = (
			);
			productName = coverme;
			productReference = 01B895302E3DE2F800D7894A /* coverme.app */;
			productType = "com.apple.product-type.application";
		};
		01B8953D2E3DE2FA00D7894A /* covermeTests */ = {
			isa = PBXNativeTarget;
			buildConfigurationList = 01B895552E3DE2FA00D7894A /* Build configuration list for PBXNativeTarget "covermeTests" */;
			buildPhases = (
				01B8953A2E3DE2FA00D7894A /* Sources */,
				01B8953B2E3DE2FA00D7894A /* Frameworks */,
				01B8953C2E3DE2FA00D7894A /* Resources */,
			);
			buildRules = (
			);
			dependencies = (
				01B895402E3DE2FA00D7894A /* PBXTargetDependency */,
			);
			fileSystemSynchronizedGroups = (
				01B895412E3DE2FA00D7894A /* covermeTests */,
			);
			name = covermeTests;
			packageProductDependencies = (
			);
			productName = covermeTests;
			productReference = 01B8953E2E3DE2FA00D7894A /* covermeTests.xctest */;
			productType = "com.apple.product-type.bundle.unit-test";
		};
		01B895472E3DE2FA00D7894A /* covermeUITests */ = {
			isa = PBXNativeTarget;
			buildConfigurationList = 01B895582E3DE2FA00D7894A /* Build configuration list for PBXNativeTarget "covermeUITests" */;
			buildPhases = (
				01B895442E3DE2FA00D7894A /* Sources */,
				01B895452E3DE2FA00D7894A /* Frameworks */,
				01B895462E3DE2FA00D7894A /* Resources */,
			);
			buildRules = (
			);
			dependencies = (
				01B8954A2E3DE2FA00D7894A /* PBXTargetDependency */,
			);
			fileSystemSynchronizedGroups = (
				01B8954B2E3DE2FA00D7894A /* covermeUITests */,
			);
			name = covermeUITests;
			packageProductDependencies = (
			);
			productName = covermeUITests;
			productReference = 01B895482E3DE2FA00D7894A /* covermeUITests.xctest */;
			productType = "com.apple.product-type.bundle.ui-testing";
		};
/* End PBXNativeTarget section */

/* Begin PBXProject section */
		01B895282E3DE2F800D7894A /* Project object */ = {
			isa = PBXProject;
			attributes = {
				BuildIndependentTargetsInParallel = 1;
				LastSwiftUpdateCheck = 1640;
				LastUpgradeCheck = 1640;
				TargetAttributes = {
					01B8952F2E3DE2F800D7894A = {
						CreatedOnToolsVersion = 16.4;
					};
					01B8953D2E3DE2FA00D7894A = {
						CreatedOnToolsVersion = 16.4;
						TestTargetID = 01B8952F2E3DE2F800D7894A;
					};
					01B895472E3DE2FA00D7894A = {
						CreatedOnToolsVersion = 16.4;
						TestTargetID = 01B8952F2E3DE2F800D7894A;
					};
				};
			};
			buildConfigurationList = 01B8952B2E3DE2F800D7894A /* Build configuration list for PBXProject "coverme" */;
			developmentRegion = en;
			hasScannedForEncodings = 0;
			knownRegions = (
				en,
				Base,
			);
			mainGroup = 01B895272E3DE2F800D7894A;
			minimizedProjectReferenceProxies = 1;
			preferredProjectObjectVersion = 77;
			productRefGroup = 01B895312E3DE2F800D7894A /* Products */;
			projectDirPath = "";
			projectRoot = "";
			targets = (
				01B8952F2E3DE2F800D7894A /* coverme */,
				01B8953D2E3DE2FA00D7894A /* covermeTests */,
				01B895472E3DE2FA00D7894A /* covermeUITests */,
			);
		};
/* End PBXProject section */

/* Begin PBXResourcesBuildPhase section */
		01B8952E2E3DE2F800D7894A /* Resources */ = {
			isa = PBXResourcesBuildPhase;
			buildActionMask = 2147483647;
			files = (
			);
			runOnlyForDeploymentPostprocessing = 0;
		};
		01B8953C2E3DE2FA00D7894A /* Resources */ = {
			isa = PBXResourcesBuildPhase;
			buildActionMask = 2147483647;
			files = (
			);
			runOnlyForDeploymentPostprocessing = 0;
		};
		01B895462E3DE2FA00D7894A /* Resources */ = {
			isa = PBXResourcesBuildPhase;
			buildActionMask = 2147483647;
			files = (
			);
			runOnlyForDeploymentPostprocessing = 0;
		};
/* End PBXResourcesBuildPhase section */

/* Begin PBXSourcesBuildPhase section */
		01B8952C2E3DE2F800D7894A /* Sources */ = {
			isa = PBXSourcesBuildPhase;
			buildActionMask = 2147483647;
			files = (
			);
			runOnlyForDeploymentPostprocessing = 0;
		};
		01B8953A2E3DE2FA00D7894A /* Sources */ = {
			isa = PBXSourcesBuildPhase;
			buildActionMask = 2147483647;
			files = (
			);
			runOnlyForDeploymentPostprocessing = 0;
		};
		01B895442E3DE2FA00D7894A /* Sources */ = {
			isa = PBXSourcesBuildPhase;
			buildActionMask = 2147483647;
			files = (
			);
			runOnlyForDeploymentPostprocessing = 0;
		};
/* End PBXSourcesBuildPhase section */

/* Begin PBXTargetDependency section */
		01B895402E3DE2FA00D7894A /* PBXTargetDependency */ = {
			isa = PBXTargetDependency;
			target = 01B8952F2E3DE2F800D7894A /* coverme */;
			targetProxy = 01B8953F2E3DE2FA00D7894A /* PBXContainerItemProxy */;
		};
		01B8954A2E3DE2FA00D7894A /* PBXTargetDependency */ = {
			isa = PBXTargetDependency;
			target = 01B8952F2E3DE2F800D7894A /* coverme */;
			targetProxy = 01B895492E3DE2FA00D7894A /* PBXContainerItemProxy */;
		};
/* End PBXTargetDependency section */

/* Begin XCBuildConfiguration section */
		01B895502E3DE2FA00D7894A /* Debug */ = {
			isa = XCBuildConfiguration;
			buildSettings = {
				ALWAYS_SEARCH_USER_PATHS = NO;
				ASSETCATALOG_COMPILER_GENERATE_SWIFT_ASSET_SYMBOL_EXTENSIONS = YES;
				CLANG_ANALYZER_NONNULL = YES;
				CLANG_ANALYZER_NUMBER_OBJECT_CONVERSION = YES_AGGRESSIVE;
				CLANG_CXX_LANGUAGE_STANDARD = "gnu++20";
				CLANG_ENABLE_MODULES = YES;
				CLANG_ENABLE_OBJC_ARC = YES;
				CLANG_ENABLE_OBJC_WEAK = YES;
				CLANG_WARN_BLOCK_CAPTURE_AUTORELEASING = YES;
				CLANG_WARN_BOOL_CONVERSION = YES;
				CLANG_WARN_COMMA = YES;
				CLANG_WARN_CONSTANT_CONVERSION = YES;
				CLANG_WARN_DEPRECATED_OBJC_IMPLEMENTATIONS = YES;
				CLANG_WARN_DIRECT_OBJC_ISA_USAGE = YES_ERROR;
				CLANG_WARN_DOCUMENTATION_COMMENTS = YES;
				CLANG_WARN_EMPTY_BODY = YES;
				CLANG_WARN_ENUM_CONVERSION = YES;
				CLANG_WARN_INFINITE_RECURSION = YES;
				CLANG_WARN_INT_CONVERSION = YES;
				CLANG_WARN_NON_LITERAL_NULL_CONVERSION = YES;
				CLANG_WARN_OBJC_IMPLICIT_RETAIN_SELF = YES;
				CLANG_WARN_OBJC_LITERAL_CONVERSION = YES;
				CLANG_WARN_OBJC_ROOT_CLASS = YES_ERROR;
				CLANG_WARN_QUOTED_INCLUDE_IN_FRAMEWORK_HEADER = YES;
				CLANG_WARN_RANGE_LOOP_ANALYSIS = YES;
				CLANG_WARN_STRICT_PROTOTYPES = YES;
				CLANG_WARN_SUSPICIOUS_MOVE = YES;
				CLANG_WARN_UNGUARDED_AVAILABILITY = YES_AGGRESSIVE;
				CLANG_WARN_UNREACHABLE_CODE = YES;
				CLANG_WARN__DUPLICATE_METHOD_MATCH = YES;
				COPY_PHASE_STRIP = NO;
				DEBUG_INFORMATION_FORMAT = dwarf;
				DEVELOPMENT_TEAM = 795626747J;
				ENABLE_STRICT_OBJC_MSGSEND = YES;
				ENABLE_TESTABILITY = YES;
				ENABLE_USER_SCRIPT_SANDBOXING = YES;
				GCC_C_LANGUAGE_STANDARD = gnu17;
				GCC_DYNAMIC_NO_PIC = NO;
				GCC_NO_COMMON_BLOCKS = YES;
				GCC_OPTIMIZATION_LEVEL = 0;
				GCC_PREPROCESSOR_DEFINITIONS = (
					"DEBUG=1",
					"$(inherited)",
				);
				GCC_WARN_64_TO_32_BIT_CONVERSION = YES;
				GCC_WARN_ABOUT_RETURN_TYPE = YES_ERROR;
				GCC_WARN_UNDECLARED_SELECTOR = YES;
				GCC_WARN_UNINITIALIZED_AUTOS = YES_AGGRESSIVE;
				GCC_WARN_UNUSED_FUNCTION = YES;
				GCC_WARN_UNUSED_VARIABLE = YES;
				LOCALIZATION_PREFERS_STRING_CATALOGS = YES;
				MACOSX_DEPLOYMENT_TARGET = 15.5;
				MTL_ENABLE_DEBUG_INFO = INCLUDE_SOURCE;
				MTL_FAST_MATH = YES;
				ONLY_ACTIVE_ARCH = YES;
				SDKROOT = macosx;
				SWIFT_ACTIVE_COMPILATION_CONDITIONS = "DEBUG $(inherited)";
				SWIFT_OPTIMIZATION_LEVEL = "-Onone";
			};
			name = Debug;
		};
		01B895512E3DE2FA00D7894A /* Release */ = {
			isa = XCBuildConfiguration;
			buildSettings = {
				ALWAYS_SEARCH_USER_PATHS = NO;
				ASSETCATALOG_COMPILER_GENERATE_SWIFT_ASSET_SYMBOL_EXTENSIONS = YES;
				CLANG_ANALYZER_NONNULL = YES;
				CLANG_ANALYZER_NUMBER_OBJECT_CONVERSION = YES_AGGRESSIVE;
				CLANG_CXX_LANGUAGE_STANDARD = "gnu++20";
				CLANG_ENABLE_MODULES = YES;
				CLANG_ENABLE_OBJC_ARC = YES;
				CLANG_ENABLE_OBJC_WEAK = YES;
				CLANG_WARN_BLOCK_CAPTURE_AUTORELEASING = YES;
				CLANG_WARN_BOOL_CONVERSION = YES;
				CLANG_WARN_COMMA = YES;
				CLANG_WARN_CONSTANT_CONVERSION = YES;
				CLANG_WARN_DEPRECATED_OBJC_IMPLEMENTATIONS = YES;
				CLANG_WARN_DIRECT_OBJC_ISA_USAGE = YES_ERROR;
				CLANG_WARN_DOCUMENTATION_COMMENTS = YES;
				CLANG_WARN_EMPTY_BODY = YES;
				CLANG_WARN_ENUM_CONVERSION = YES;
				CLANG_WARN_INFINITE_RECURSION = YES;
				CLANG_WARN_INT_CONVERSION = YES;
				CLANG_WARN_NON_LITERAL_NULL_CONVERSION = YES;
				CLANG_WARN_OBJC_IMPLICIT_RETAIN_SELF = YES;
				CLANG_WARN_OBJC_LITERAL_CONVERSION = YES;
				CLANG_WARN_OBJC_ROOT_CLASS = YES_ERROR;
				CLANG_WARN_QUOTED_INCLUDE_IN_FRAMEWORK_HEADER = YES;
				CLANG_WARN_RANGE_LOOP_ANALYSIS = YES;
				CLANG_WARN_STRICT_PROTOTYPES = YES;
				CLANG_WARN_SUSPICIOUS_MOVE = YES;
				CLANG_WARN_UNGUARDED_AVAILABILITY = YES_AGGRESSIVE;
				CLANG_WARN_UNREACHABLE_CODE = YES;
				CLANG_WARN__DUPLICATE_METHOD_MATCH = YES;
				COPY_PHASE_STRIP = NO;
				DEBUG_INFORMATION_FORMAT = "dwarf-with-dsym";
				DEVELOPMENT_TEAM = 795626747J;
				ENABLE_NS_ASSERTIONS = NO;
				ENABLE_STRICT_OBJC_MSGSEND = YES;
				ENABLE_USER_SCRIPT_SANDBOXING = YES;
				GCC_C_LANGUAGE_STANDARD = gnu17;
				GCC_NO_COMMON_BLOCKS = YES;
				GCC_WARN_64_TO_32_BIT_CONVERSION = YES;
				GCC_WARN_ABOUT_RETURN_TYPE = YES_ERROR;
				GCC_WARN_UNDECLARED_SELECTOR = YES;
				GCC_WARN_UNINITIALIZED_AUTOS = YES_AGGRESSIVE;
				GCC_WARN_UNUSED_FUNCTION = YES;
				GCC_WARN_UNUSED_VARIABLE = YES;
				LOCALIZATION_PREFERS_STRING_CATALOGS = YES;
				MACOSX_DEPLOYMENT_TARGET = 15.5;
				MTL_ENABLE_DEBUG_INFO = NO;
				MTL_FAST_MATH = YES;
				SDKROOT = macosx;
				SWIFT_COMPILATION_MODE = wholemodule;
			};
			name = Release;
		};
		01B895532E3DE2FA00D7894A /* Debug */ = {
			isa = XCBuildConfiguration;
			buildSettings = {
				ASSETCATALOG_COMPILER_APPICON_NAME = AppIcon;
				ASSETCATALOG_COMPILER_GLOBAL_ACCENT_COLOR_NAME = AccentColor;
				CODE_SIGN_ENTITLEMENTS = coverme/coverme.entitlements;
				CODE_SIGN_STYLE = Automatic;
				COMBINE_HIDPI_IMAGES = YES;
				CURRENT_PROJECT_VERSION = 1;
				DEVELOPMENT_TEAM = 795626747J;
				ENABLE_HARDENED_RUNTIME = YES;
				ENABLE_PREVIEWS = YES;
				GENERATE_INFOPLIST_FILE = YES;
				INFOPLIST_KEY_NSHumanReadableCopyright = "";
				LD_RUNPATH_SEARCH_PATHS = (
					"$(inherited)",
					"@executable_path/../Frameworks",
				);
				MARKETING_VERSION = 1.0;
				PRODUCT_BUNDLE_IDENTIFIER = siutan.coverme;
				PRODUCT_NAME = "$(TARGET_NAME)";
				REGISTER_APP_GROUPS = YES;
				SWIFT_EMIT_LOC_STRINGS = YES;
				SWIFT_VERSION = 5.0;
			};
			name = Debug;
		};
		01B895542E3DE2FA00D7894A /* Release */ = {
			isa = XCBuildConfiguration;
			buildSettings = {
				ASSETCATALOG_COMPILER_APPICON_NAME = AppIcon;
				ASSETCATALOG_COMPILER_GLOBAL_ACCENT_COLOR_NAME = AccentColor;
				CODE_SIGN_ENTITLEMENTS = coverme/coverme.entitlements;
				CODE_SIGN_STYLE = Automatic;
				COMBINE_HIDPI_IMAGES = YES;
				CURRENT_PROJECT_VERSION = 1;
				DEVELOPMENT_TEAM = 795626747J;
				ENABLE_HARDENED_RUNTIME = YES;
				ENABLE_PREVIEWS = YES;
				GENERATE_INFOPLIST_FILE = YES;
				INFOPLIST_KEY_NSHumanReadableCopyright = "";
				LD_RUNPATH_SEARCH_PATHS = (
					"$(inherited)",
					"@executable_path/../Frameworks",
				);
				MARKETING_VERSION = 1.0;
				PRODUCT_BUNDLE_IDENTIFIER = siutan.coverme;
				PRODUCT_NAME = "$(TARGET_NAME)";
				REGISTER_APP_GROUPS = YES;
				SWIFT_EMIT_LOC_STRINGS = YES;
				SWIFT_VERSION = 5.0;
			};
			name = Release;
		};
		01B895562E3DE2FA00D7894A /* Debug */ = {
			isa = XCBuildConfiguration;
			buildSettings = {
				BUNDLE_LOADER = "$(TEST_HOST)";
				CODE_SIGN_STYLE = Automatic;
				CURRENT_PROJECT_VERSION = 1;
				DEVELOPMENT_TEAM = 795626747J;
				GENERATE_INFOPLIST_FILE = YES;
				MACOSX_DEPLOYMENT_TARGET = 15.5;
				MARKETING_VERSION = 1.0;
				PRODUCT_BUNDLE_IDENTIFIER = siutan.covermeTests;
				PRODUCT_NAME = "$(TARGET_NAME)";
				SWIFT_EMIT_LOC_STRINGS = NO;
				SWIFT_VERSION = 5.0;
				TEST_HOST = "$(BUILT_PRODUCTS_DIR)/coverme.app/$(BUNDLE_EXECUTABLE_FOLDER_PATH)/coverme";
			};
			name = Debug;
		};
		01B895572E3DE2FA00D7894A /* Release */ = {
			isa = XCBuildConfiguration;
			buildSettings = {
				BUNDLE_LOADER = "$(TEST_HOST)";
				CODE_SIGN_STYLE = Automatic;
				CURRENT_PROJECT_VERSION = 1;
				DEVELOPMENT_TEAM = 795626747J;
				GENERATE_INFOPLIST_FILE = YES;
				MACOSX_DEPLOYMENT_TARGET = 15.5;
				MARKETING_VERSION = 1.0;
				PRODUCT_BUNDLE_IDENTIFIER = siutan.covermeTests;
				PRODUCT_NAME = "$(TARGET_NAME)";
				SWIFT_EMIT_LOC_STRINGS = NO;
				SWIFT_VERSION = 5.0;
				TEST_HOST = "$(BUILT_PRODUCTS_DIR)/coverme.app/$(BUNDLE_EXECUTABLE_FOLDER_PATH)/coverme";
			};
			name = Release;
		};
		01B895592E3DE2FA00D7894A /* Debug */ = {
			isa = XCBuildConfiguration;
			buildSettings = {
				CODE_SIGN_STYLE = Automatic;
				CURRENT_PROJECT_VERSION = 1;
				DEVELOPMENT_TEAM = 795626747J;
				GENERATE_INFOPLIST_FILE = YES;
				MARKETING_VERSION = 1.0;
				PRODUCT_BUNDLE_IDENTIFIER = siutan.covermeUITests;
				PRODUCT_NAME = "$(TARGET_NAME)";
				SWIFT_EMIT_LOC_STRINGS = NO;
				SWIFT_VERSION = 5.0;
				TEST_TARGET_NAME = coverme;
			};
			name = Debug;
		};
		01B8955A2E3DE2FA00D7894A /* Release */ = {
			isa = XCBuildConfiguration;
			buildSettings = {
				CODE_SIGN_STYLE = Automatic;
				CURRENT_PROJECT_VERSION = 1;
				DEVELOPMENT_TEAM = 795626747J;
				GENERATE_INFOPLIST_FILE = YES;
				MARKETING_VERSION = 1.0;
				PRODUCT_BUNDLE_IDENTIFIER = siutan.covermeUITests;
				PRODUCT_NAME = "$(TARGET_NAME)";
				SWIFT_EMIT_LOC_STRINGS = NO;
				SWIFT_VERSION = 5.0;
				TEST_TARGET_NAME = coverme;
			};
			name = Release;
		};
/* End XCBuildConfiguration section */

/* Begin XCConfigurationList section */
		01B8952B2E3DE2F800D7894A /* Build configuration list for PBXProject "coverme" */ = {
			isa = XCConfigurationList;
			buildConfigurations = (
				01B895502E3DE2FA00D7894A /* Debug */,
				01B895512E3DE2FA00D7894A /* Release */,
			);
			defaultConfigurationIsVisible = 0;
			defaultConfigurationName = Release;
		};
		01B895522E3DE2FA00D7894A /* Build configuration list for PBXNativeTarget "coverme" */ = {
			isa = XCConfigurationList;
			buildConfigurations = (
				01B895532E3DE2FA00D7894A /* Debug */,
				01B895542E3DE2FA00D7894A /* Release */,
			);
			defaultConfigurationIsVisible = 0;
			defaultConfigurationName = Release;
		};
		01B895552E3DE2FA00D7894A /* Build configuration list for PBXNativeTarget "covermeTests" */ = {
			isa = XCConfigurationList;
			buildConfigurations = (
				01B895562E3DE2FA00D7894A /* Debug */,
				01B895572E3DE2FA00D7894A /* Release */,
			);
			defaultConfigurationIsVisible = 0;
			defaultConfigurationName = Release;
		};
		01B895582E3DE2FA00D7894A /* Build configuration list for PBXNativeTarget "covermeUITests" */ = {
			isa = XCConfigurationList;
			buildConfigurations = (
				01B895592E3DE2FA00D7894A /* Debug */,
				01B8955A2E3DE2FA00D7894A /* Release */,
			);
			defaultConfigurationIsVisible = 0;
			defaultConfigurationName = Release;
		};
/* End XCConfigurationList section */
	};
	rootObject = 01B895282E3DE2F800D7894A /* Project object */;
}
